// !$*UTF8*$!
{
	archiveVersion = 1;
	classes = {
	};
	objectVersion = 50;
	objects = {

/* Begin PBXBuildFile section */
		0BDBF73E25927649008C7792 /* AppDelegate.swift in Sources */ = {isa = PBXBuildFile; fileRef = 0BDBF73D25927649008C7792 /* AppDelegate.swift */; };
		0BDBF74025927649008C7792 /* SceneDelegate.swift in Sources */ = {isa = PBXBuildFile; fileRef = 0BDBF73F25927649008C7792 /* SceneDelegate.swift */; };
		0BDBF74225927649008C7792 /* ContentView.swift in Sources */ = {isa = PBXBuildFile; fileRef = 0BDBF74125927649008C7792 /* ContentView.swift */; };
		0BDBF74425927652008C7792 /* Assets.xcassets in Resources */ = {isa = PBXBuildFile; fileRef = 0BDBF74325927652008C7792 /* Assets.xcassets */; };
		0BDBF74725927652008C7792 /* Preview Assets.xcassets in Resources */ = {isa = PBXBuildFile; fileRef = 0BDBF74625927652008C7792 /* Preview Assets.xcassets */; };
		0BDBF74A25927652008C7792 /* LaunchScreen.storyboard in Resources */ = {isa = PBXBuildFile; fileRef = 0BDBF74825927652008C7792 /* LaunchScreen.storyboard */; };
		0BDBF75525927653008C7792 /* fra4umTests.swift in Sources */ = {isa = PBXBuildFile; fileRef = 0BDBF75425927653008C7792 /* fra4umTests.swift */; };
		0BDBF76025927653008C7792 /* fra4umUITests.swift in Sources */ = {isa = PBXBuildFile; fileRef = 0BDBF75F25927653008C7792 /* fra4umUITests.swift */; };
/* End PBXBuildFile section */

/* Begin PBXContainerItemProxy section */
		0BDBF75125927653008C7792 /* PBXContainerItemProxy */ = {
			isa = PBXContainerItemProxy;
			containerPortal = 0BDBF73225927649008C7792 /* Project object */;
			proxyType = 1;
			remoteGlobalIDString = 0BDBF73925927649008C7792;
			remoteInfo = fra4um;
		};
		0BDBF75C25927653008C7792 /* PBXContainerItemProxy */ = {
			isa = PBXContainerItemProxy;
			containerPortal = 0BDBF73225927649008C7792 /* Project object */;
			proxyType = 1;
			remoteGlobalIDString = 0BDBF73925927649008C7792;
			remoteInfo = fra4um;
		};
/* End PBXContainerItemProxy section */

/* Begin PBXFileReference section */
		0BDBF73A25927649008C7792 /* fra4um.app */ = {isa = PBXFileReference; explicitFileType = wrapper.application; includeInIndex = 0; path = fra4um.app; sourceTree = BUILT_PRODUCTS_DIR; };
		0BDBF73D25927649008C7792 /* AppDelegate.swift */ = {isa = PBXFileReference; lastKnownFileType = sourcecode.swift; path = AppDelegate.swift; sourceTree = "<group>"; };
		0BDBF73F25927649008C7792 /* SceneDelegate.swift */ = {isa = PBXFileReference; lastKnownFileType = sourcecode.swift; path = SceneDelegate.swift; sourceTree = "<group>"; };
		0BDBF74125927649008C7792 /* ContentView.swift */ = {isa = PBXFileReference; lastKnownFileType = sourcecode.swift; path = ContentView.swift; sourceTree = "<group>"; };
		0BDBF74325927652008C7792 /* Assets.xcassets */ = {isa = PBXFileReference; lastKnownFileType = folder.assetcatalog; path = Assets.xcassets; sourceTree = "<group>"; };
		0BDBF74625927652008C7792 /* Preview Assets.xcassets */ = {isa = PBXFileReference; lastKnownFileType = folder.assetcatalog; path = "Preview Assets.xcassets"; sourceTree = "<group>"; };
		0BDBF74925927652008C7792 /* Base */ = {isa = PBXFileReference; lastKnownFileType = file.storyboard; name = Base; path = Base.lproj/LaunchScreen.storyboard; sourceTree = "<group>"; };
		0BDBF74B25927652008C7792 /* Info.plist */ = {isa = PBXFileReference; lastKnownFileType = text.plist.xml; path = Info.plist; sourceTree = "<group>"; };
		0BDBF75025927653008C7792 /* fra4umTests.xctest */ = {isa = PBXFileReference; explicitFileType = wrapper.cfbundle; includeInIndex = 0; path = fra4umTests.xctest; sourceTree = BUILT_PRODUCTS_DIR; };
		0BDBF75425927653008C7792 /* fra4umTests.swift */ = {isa = PBXFileReference; lastKnownFileType = sourcecode.swift; path = fra4umTests.swift; sourceTree = "<group>"; };
		0BDBF75625927653008C7792 /* Info.plist */ = {isa = PBXFileReference; lastKnownFileType = text.plist.xml; path = Info.plist; sourceTree = "<group>"; };
		0BDBF75B25927653008C7792 /* fra4umUITests.xctest */ = {isa = PBXFileReference; explicitFileType = wrapper.cfbundle; includeInIndex = 0; path = fra4umUITests.xctest; sourceTree = BUILT_PRODUCTS_DIR; };
		0BDBF75F25927653008C7792 /* fra4umUITests.swift */ = {isa = PBXFileReference; lastKnownFileType = sourcecode.swift; path = fra4umUITests.swift; sourceTree = "<group>"; };
		0BDBF76125927653008C7792 /* Info.plist */ = {isa = PBXFileReference; lastKnownFileType = text.plist.xml; path = Info.plist; sourceTree = "<group>"; };
/* End PBXFileReference section */

/* Begin PBXFrameworksBuildPhase section */
		0BDBF73725927649008C7792 /* Frameworks */ = {
			isa = PBXFrameworksBuildPhase;
			buildActionMask = 2147483647;
			files = (
			);
			runOnlyForDeploymentPostprocessing = 0;
		};
		0BDBF74D25927653008C7792 /* Frameworks */ = {
			isa = PBXFrameworksBuildPhase;
			buildActionMask = 2147483647;
			files = (
			);
			runOnlyForDeploymentPostprocessing = 0;
		};
		0BDBF75825927653008C7792 /* Frameworks */ = {
			isa = PBXFrameworksBuildPhase;
			buildActionMask = 2147483647;
			files = (
			);
			runOnlyForDeploymentPostprocessing = 0;
		};
/* End PBXFrameworksBuildPhase section */

/* Begin PBXGroup section */
		0BDBF73125927649008C7792 = {
			isa = PBXGroup;
			children = (
				0BDBF73C25927649008C7792 /* fra4um */,
				0BDBF75325927653008C7792 /* fra4umTests */,
				0BDBF75E25927653008C7792 /* fra4umUITests */,
				0BDBF73B25927649008C7792 /* Products */,
			);
			sourceTree = "<group>";
		};
		0BDBF73B25927649008C7792 /* Products */ = {
			isa = PBXGroup;
			children = (
				0BDBF73A25927649008C7792 /* fra4um.app */,
				0BDBF75025927653008C7792 /* fra4umTests.xctest */,
				0BDBF75B25927653008C7792 /* fra4umUITests.xctest */,
			);
			name = Products;
			sourceTree = "<group>";
		};
		0BDBF73C25927649008C7792 /* fra4um */ = {
			isa = PBXGroup;
			children = (
				0BDBF73D25927649008C7792 /* AppDelegate.swift */,
				0BDBF73F25927649008C7792 /* SceneDelegate.swift */,
				0BDBF74125927649008C7792 /* ContentView.swift */,
				0BDBF74325927652008C7792 /* Assets.xcassets */,
				0BDBF74825927652008C7792 /* LaunchScreen.storyboard */,
				0BDBF74B25927652008C7792 /* Info.plist */,
				0BDBF74525927652008C7792 /* Preview Content */,
			);
			path = fra4um;
			sourceTree = "<group>";
		};
		0BDBF74525927652008C7792 /* Preview Content */ = {
			isa = PBXGroup;
			children = (
				0BDBF74625927652008C7792 /* Preview Assets.xcassets */,
			);
			path = "Preview Content";
			sourceTree = "<group>";
		};
		0BDBF75325927653008C7792 /* fra4umTests */ = {
			isa = PBXGroup;
			children = (
				0BDBF75425927653008C7792 /* fra4umTests.swift */,
				0BDBF75625927653008C7792 /* Info.plist */,
			);
			path = fra4umTests;
			sourceTree = "<group>";
		};
		0BDBF75E25927653008C7792 /* fra4umUITests */ = {
			isa = PBXGroup;
			children = (
				0BDBF75F25927653008C7792 /* fra4umUITests.swift */,
				0BDBF76125927653008C7792 /* Info.plist */,
			);
			path = fra4umUITests;
			sourceTree = "<group>";
		};
/* End PBXGroup section */

/* Begin PBXNativeTarget section */
		0BDBF73925927649008C7792 /* fra4um */ = {
			isa = PBXNativeTarget;
			buildConfigurationList = 0BDBF76425927653008C7792 /* Build configuration list for PBXNativeTarget "fra4um" */;
			buildPhases = (
				0BDBF73625927649008C7792 /* Sources */,
				0BDBF73725927649008C7792 /* Frameworks */,
				0BDBF73825927649008C7792 /* Resources */,
			);
			buildRules = (
			);
			dependencies = (
			);
			name = fra4um;
			productName = fra4um;
			productReference = 0BDBF73A25927649008C7792 /* fra4um.app */;
			productType = "com.apple.product-type.application";
		};
		0BDBF74F25927653008C7792 /* fra4umTests */ = {
			isa = PBXNativeTarget;
			buildConfigurationList = 0BDBF76725927653008C7792 /* Build configuration list for PBXNativeTarget "fra4umTests" */;
			buildPhases = (
				0BDBF74C25927653008C7792 /* Sources */,
				0BDBF74D25927653008C7792 /* Frameworks */,
				0BDBF74E25927653008C7792 /* Resources */,
			);
			buildRules = (
			);
			dependencies = (
				0BDBF75225927653008C7792 /* PBXTargetDependency */,
			);
			name = fra4umTests;
			productName = fra4umTests;
			productReference = 0BDBF75025927653008C7792 /* fra4umTests.xctest */;
			productType = "com.apple.product-type.bundle.unit-test";
		};
		0BDBF75A25927653008C7792 /* fra4umUITests */ = {
			isa = PBXNativeTarget;
			buildConfigurationList = 0BDBF76A25927653008C7792 /* Build configuration list for PBXNativeTarget "fra4umUITests" */;
			buildPhases = (
				0BDBF75725927653008C7792 /* Sources */,
				0BDBF75825927653008C7792 /* Frameworks */,
				0BDBF75925927653008C7792 /* Resources */,
			);
			buildRules = (
			);
			dependencies = (
				0BDBF75D25927653008C7792 /* PBXTargetDependency */,
			);
			name = fra4umUITests;
			productName = fra4umUITests;
			productReference = 0BDBF75B25927653008C7792 /* fra4umUITests.xctest */;
			productType = "com.apple.product-type.bundle.ui-testing";
		};
/* End PBXNativeTarget section */

/* Begin PBXProject section */
		0BDBF73225927649008C7792 /* Project object */ = {
			isa = PBXProject;
			attributes = {
				LastSwiftUpdateCheck = 1140;
				LastUpgradeCheck = 1140;
				ORGANIZATIONNAME = "Ariel Halilaj";
				TargetAttributes = {
					0BDBF73925927649008C7792 = {
						CreatedOnToolsVersion = 11.4.1;
					};
					0BDBF74F25927653008C7792 = {
						CreatedOnToolsVersion = 11.4.1;
						TestTargetID = 0BDBF73925927649008C7792;
					};
					0BDBF75A25927653008C7792 = {
						CreatedOnToolsVersion = 11.4.1;
						TestTargetID = 0BDBF73925927649008C7792;
					};
				};
			};
			buildConfigurationList = 0BDBF73525927649008C7792 /* Build configuration list for PBXProject "fra4um" */;
			compatibilityVersion = "Xcode 9.3";
			developmentRegion = en;
			hasScannedForEncodings = 0;
			knownRegions = (
				en,
				Base,
			);
			mainGroup = 0BDBF73125927649008C7792;
			productRefGroup = 0BDBF73B25927649008C7792 /* Products */;
			projectDirPath = "";
			projectRoot = "";
			targets = (
				0BDBF73925927649008C7792 /* fra4um */,
				0BDBF74F25927653008C7792 /* fra4umTests */,
				0BDBF75A25927653008C7792 /* fra4umUITests */,
			);
		};
/* End PBXProject section */

/* Begin PBXResourcesBuildPhase section */
		0BDBF73825927649008C7792 /* Resources */ = {
			isa = PBXResourcesBuildPhase;
			buildActionMask = 2147483647;
			files = (
				0BDBF74A25927652008C7792 /* LaunchScreen.storyboard in Resources */,
				0BDBF74725927652008C7792 /* Preview Assets.xcassets in Resources */,
				0BDBF74425927652008C7792 /* Assets.xcassets in Resources */,
			);
			runOnlyForDeploymentPostprocessing = 0;
		};
		0BDBF74E25927653008C7792 /* Resources */ = {
			isa = PBXResourcesBuildPhase;
			buildActionMask = 2147483647;
			files = (
			);
			runOnlyForDeploymentPostprocessing = 0;
		};
		0BDBF75925927653008C7792 /* Resources */ = {
			isa = PBXResourcesBuildPhase;
			buildActionMask = 2147483647;
			files = (
			);
			runOnlyForDeploymentPostprocessing = 0;
		};
/* End PBXResourcesBuildPhase section */

/* Begin PBXSourcesBuildPhase section */
		0BDBF73625927649008C7792 /* Sources */ = {
			isa = PBXSourcesBuildPhase;
			buildActionMask = 2147483647;
			files = (
				0BDBF73E25927649008C7792 /* AppDelegate.swift in Sources */,
				0BDBF74025927649008C7792 /* SceneDelegate.swift in Sources */,
				0BDBF74225927649008C7792 /* ContentView.swift in Sources */,
			);
			runOnlyForDeploymentPostprocessing = 0;
		};
		0BDBF74C25927653008C7792 /* Sources */ = {
			isa = PBXSourcesBuildPhase;
			buildActionMask = 2147483647;
			files = (
				0BDBF75525927653008C7792 /* fra4umTests.swift in Sources */,
			);
			runOnlyForDeploymentPostprocessing = 0;
		};
		0BDBF75725927653008C7792 /* Sources */ = {
			isa = PBXSourcesBuildPhase;
			buildActionMask = 2147483647;
			files = (
				0BDBF76025927653008C7792 /* fra4umUITests.swift in Sources */,
			);
			runOnlyForDeploymentPostprocessing = 0;
		};
/* End PBXSourcesBuildPhase section */

/* Begin PBXTargetDependency section */
		0BDBF75225927653008C7792 /* PBXTargetDependency */ = {
			isa = PBXTargetDependency;
			target = 0BDBF73925927649008C7792 /* fra4um */;
			targetProxy = 0BDBF75125927653008C7792 /* PBXContainerItemProxy */;
		};
		0BDBF75D25927653008C7792 /* PBXTargetDependency */ = {
			isa = PBXTargetDependency;
			target = 0BDBF73925927649008C7792 /* fra4um */;
			targetProxy = 0BDBF75C25927653008C7792 /* PBXContainerItemProxy */;
		};
/* End PBXTargetDependency section */

/* Begin PBXVariantGroup section */
		0BDBF74825927652008C7792 /* LaunchScreen.storyboard */ = {
			isa = PBXVariantGroup;
			children = (
				0BDBF74925927652008C7792 /* Base */,
			);
			name = LaunchScreen.storyboard;
			sourceTree = "<group>";
		};
/* End PBXVariantGroup section */

/* Begin XCBuildConfiguration section */
		0BDBF76225927653008C7792 /* Debug */ = {
			isa = XCBuildConfiguration;
			buildSettings = {
				ALWAYS_SEARCH_USER_PATHS = NO;
				CLANG_ANALYZER_NONNULL = YES;
				CLANG_ANALYZER_NUMBER_OBJECT_CONVERSION = YES_AGGRESSIVE;
				CLANG_CXX_LANGUAGE_STANDARD = "gnu++14";
				CLANG_CXX_LIBRARY = "libc++";
				CLANG_ENABLE_MODULES = YES;
				CLANG_ENABLE_OBJC_ARC = YES;
				CLANG_ENABLE_OBJC_WEAK = YES;
				CLANG_WARN_BLOCK_CAPTURE_AUTORELEASING = YES;
				CLANG_WARN_BOOL_CONVERSION = YES;
				CLANG_WARN_COMMA = YES;
				CLANG_WARN_CONSTANT_CONVERSION = YES;
				CLANG_WARN_DEPRECATED_OBJC_IMPLEMENTATIONS = YES;
				CLANG_WARN_DIRECT_OBJC_ISA_USAGE = YES_ERROR;
				CLANG_WARN_DOCUMENTATION_COMMENTS = YES;
				CLANG_WARN_EMPTY_BODY = YES;
				CLANG_WARN_ENUM_CONVERSION = YES;
				CLANG_WARN_INFINITE_RECURSION = YES;
				CLANG_WARN_INT_CONVERSION = YES;
				CLANG_WARN_NON_LITERAL_NULL_CONVERSION = YES;
				CLANG_WARN_OBJC_IMPLICIT_RETAIN_SELF = YES;
				CLANG_WARN_OBJC_LITERAL_CONVERSION = YES;
				CLANG_WARN_OBJC_ROOT_CLASS = YES_ERROR;
				CLANG_WARN_RANGE_LOOP_ANALYSIS = YES;
				CLANG_WARN_STRICT_PROTOTYPES = YES;
				CLANG_WARN_SUSPICIOUS_MOVE = YES;
				CLANG_WARN_UNGUARDED_AVAILABILITY = YES_AGGRESSIVE;
				CLANG_WARN_UNREACHABLE_CODE = YES;
				CLANG_WARN__DUPLICATE_METHOD_MATCH = YES;
				COPY_PHASE_STRIP = NO;
				DEBUG_INFORMATION_FORMAT = dwarf;
				ENABLE_STRICT_OBJC_MSGSEND = YES;
				ENABLE_TESTABILITY = YES;
				GCC_C_LANGUAGE_STANDARD = gnu11;
				GCC_DYNAMIC_NO_PIC = NO;
				GCC_NO_COMMON_BLOCKS = YES;
				GCC_OPTIMIZATION_LEVEL = 0;
				GCC_PREPROCESSOR_DEFINITIONS = (
					"DEBUG=1",
					"$(inherited)",
				);
				GCC_WARN_64_TO_32_BIT_CONVERSION = YES;
				GCC_WARN_ABOUT_RETURN_TYPE = YES_ERROR;
				GCC_WARN_UNDECLARED_SELECTOR = YES;
				GCC_WARN_UNINITIALIZED_AUTOS = YES_AGGRESSIVE;
				GCC_WARN_UNUSED_FUNCTION = YES;
				GCC_WARN_UNUSED_VARIABLE = YES;
				IPHONEOS_DEPLOYMENT_TARGET = 13.4;
				MTL_ENABLE_DEBUG_INFO = INCLUDE_SOURCE;
				MTL_FAST_MATH = YES;
				ONLY_ACTIVE_ARCH = YES;
				SDKROOT = iphoneos;
				SWIFT_ACTIVE_COMPILATION_CONDITIONS = DEBUG;
				SWIFT_OPTIMIZATION_LEVEL = "-Onone";
			};
			name = Debug;
		};
		0BDBF76325927653008C7792 /* Release */ = {
			isa = XCBuildConfiguration;
			buildSettings = {
				ALWAYS_SEARCH_USER_PATHS = NO;
				CLANG_ANALYZER_NONNULL = YES;
				CLANG_ANALYZER_NUMBER_OBJECT_CONVERSION = YES_AGGRESSIVE;
				CLANG_CXX_LANGUAGE_STANDARD = "gnu++14";
				CLANG_CXX_LIBRARY = "libc++";
				CLANG_ENABLE_MODULES = YES;
				CLANG_ENABLE_OBJC_ARC = YES;
				CLANG_ENABLE_OBJC_WEAK = YES;
				CLANG_WARN_BLOCK_CAPTURE_AUTORELEASING = YES;
				CLANG_WARN_BOOL_CONVERSION = YES;
				CLANG_WARN_COMMA = YES;
				CLANG_WARN_CONSTANT_CONVERSION = YES;
				CLANG_WARN_DEPRECATED_OBJC_IMPLEMENTATIONS = YES;
				CLANG_WARN_DIRECT_OBJC_ISA_USAGE = YES_ERROR;
				CLANG_WARN_DOCUMENTATION_COMMENTS = YES;
				CLANG_WARN_EMPTY_BODY = YES;
				CLANG_WARN_ENUM_CONVERSION = YES;
				CLANG_WARN_INFINITE_RECURSION = YES;
				CLANG_WARN_INT_CONVERSION = YES;
				CLANG_WARN_NON_LITERAL_NULL_CONVERSION = YES;
				CLANG_WARN_OBJC_IMPLICIT_RETAIN_SELF = YES;
				CLANG_WARN_OBJC_LITERAL_CONVERSION = YES;
				CLANG_WARN_OBJC_ROOT_CLASS = YES_ERROR;
				CLANG_WARN_RANGE_LOOP_ANALYSIS = YES;
				CLANG_WARN_STRICT_PROTOTYPES = YES;
				CLANG_WARN_SUSPICIOUS_MOVE = YES;
				CLANG_WARN_UNGUARDED_AVAILABILITY = YES_AGGRESSIVE;
				CLANG_WARN_UNREACHABLE_CODE = YES;
				CLANG_WARN__DUPLICATE_METHOD_MATCH = YES;
				COPY_PHASE_STRIP = NO;
				DEBUG_INFORMATION_FORMAT = "dwarf-with-dsym";
				ENABLE_NS_ASSERTIONS = NO;
				ENABLE_STRICT_OBJC_MSGSEND = YES;
				GCC_C_LANGUAGE_STANDARD = gnu11;
				GCC_NO_COMMON_BLOCKS = YES;
				GCC_WARN_64_TO_32_BIT_CONVERSION = YES;
				GCC_WARN_ABOUT_RETURN_TYPE = YES_ERROR;
				GCC_WARN_UNDECLARED_SELECTOR = YES;
				GCC_WARN_UNINITIALIZED_AUTOS = YES_AGGRESSIVE;
				GCC_WARN_UNUSED_FUNCTION = YES;
				GCC_WARN_UNUSED_VARIABLE = YES;
				IPHONEOS_DEPLOYMENT_TARGET = 13.4;
				MTL_ENABLE_DEBUG_INFO = NO;
				MTL_FAST_MATH = YES;
				SDKROOT = iphoneos;
				SWIFT_COMPILATION_MODE = wholemodule;
				SWIFT_OPTIMIZATION_LEVEL = "-O";
				VALIDATE_PRODUCT = YES;
			};
			name = Release;
		};
		0BDBF76525927653008C7792 /* Debug */ = {
			isa = XCBuildConfiguration;
			buildSettings = {
				ASSETCATALOG_COMPILER_APPICON_NAME = AppIcon;
				CODE_SIGN_STYLE = Automatic;
				DEVELOPMENT_ASSET_PATHS = "\"fra4um/Preview Content\"";
				ENABLE_PREVIEWS = YES;
				INFOPLIST_FILE = fra4um/Info.plist;
				LD_RUNPATH_SEARCH_PATHS = (
					"$(inherited)",
					"@executable_path/Frameworks",
				);
				PRODUCT_BUNDLE_IDENTIFIER = g.fra4um;
				PRODUCT_NAME = "$(TARGET_NAME)";
				SWIFT_VERSION = 5.0;
				TARGETED_DEVICE_FAMILY = "1,2";
			};
			name = Debug;
		};
		0BDBF76625927653008C7792 /* Release */ = {
			isa = XCBuildConfiguration;
			buildSettings = {
				ASSETCATALOG_COMPILER_APPICON_NAME = AppIcon;
				CODE_SIGN_STYLE = Automatic;
				DEVELOPMENT_ASSET_PATHS = "\"fra4um/Preview Content\"";
				ENABLE_PREVIEWS = YES;
				INFOPLIST_FILE = fra4um/Info.plist;
				LD_RUNPATH_SEARCH_PATHS = (
					"$(inherited)",
					"@executable_path/Frameworks",
				);
				PRODUCT_BUNDLE_IDENTIFIER = g.fra4um;
				PRODUCT_NAME = "$(TARGET_NAME)";
				SWIFT_VERSION = 5.0;
				TARGETED_DEVICE_FAMILY = "1,2";
			};
			name = Release;
		};
		0BDBF76825927653008C7792 /* Debug */ = {
			isa = XCBuildConfiguration;
			buildSettings = {
				ALWAYS_EMBED_SWIFT_STANDARD_LIBRARIES = YES;
				BUNDLE_LOADER = "$(TEST_HOST)";
				CODE_SIGN_STYLE = Automatic;
				INFOPLIST_FILE = fra4umTests/Info.plist;
				IPHONEOS_DEPLOYMENT_TARGET = 13.4;
				LD_RUNPATH_SEARCH_PATHS = (
					"$(inherited)",
					"@executable_path/Frameworks",
					"@loader_path/Frameworks",
				);
				PRODUCT_BUNDLE_IDENTIFIER = g.fra4umTests;
				PRODUCT_NAME = "$(TARGET_NAME)";
				SWIFT_VERSION = 5.0;
				TARGETED_DEVICE_FAMILY = "1,2";
				TEST_HOST = "$(BUILT_PRODUCTS_DIR)/fra4um.app/fra4um";
			};
			name = Debug;
		};
		0BDBF76925927653008C7792 /* Release */ = {
			isa = XCBuildConfiguration;
			buildSettings = {
				ALWAYS_EMBED_SWIFT_STANDARD_LIBRARIES = YES;
				BUNDLE_LOADER = "$(TEST_HOST)";
				CODE_SIGN_STYLE = Automatic;
				INFOPLIST_FILE = fra4umTests/Info.plist;
				IPHONEOS_DEPLOYMENT_TARGET = 13.4;
				LD_RUNPATH_SEARCH_PATHS = (
					"$(inherited)",
					"@executable_path/Frameworks",
					"@loader_path/Frameworks",
				);
				PRODUCT_BUNDLE_IDENTIFIER = g.fra4umTests;
				PRODUCT_NAME = "$(TARGET_NAME)";
				SWIFT_VERSION = 5.0;
				TARGETED_DEVICE_FAMILY = "1,2";
				TEST_HOST = "$(BUILT_PRODUCTS_DIR)/fra4um.app/fra4um";
			};
			name = Release;
		};
		0BDBF76B25927653008C7792 /* Debug */ = {
			isa = XCBuildConfiguration;
			buildSettings = {
				ALWAYS_EMBED_SWIFT_STANDARD_LIBRARIES = YES;
				CODE_SIGN_STYLE = Automatic;
				INFOPLIST_FILE = fra4umUITests/Info.plist;
				LD_RUNPATH_SEARCH_PATHS = (
					"$(inherited)",
					"@executable_path/Frameworks",
					"@loader_path/Frameworks",
				);
				PRODUCT_BUNDLE_IDENTIFIER = g.fra4umUITests;
				PRODUCT_NAME = "$(TARGET_NAME)";
				SWIFT_VERSION = 5.0;
				TARGETED_DEVICE_FAMILY = "1,2";
				TEST_TARGET_NAME = fra4um;
			};
			name = Debug;
		};
		0BDBF76C25927653008C7792 /* Release */ = {
			isa = XCBuildConfiguration;
			buildSettings = {
				ALWAYS_EMBED_SWIFT_STANDARD_LIBRARIES = YES;
				CODE_SIGN_STYLE = Automatic;
				INFOPLIST_FILE = fra4umUITests/Info.plist;
				LD_RUNPATH_SEARCH_PATHS = (
					"$(inherited)",
					"@executable_path/Frameworks",
					"@loader_path/Frameworks",
				);
				PRODUCT_BUNDLE_IDENTIFIER = g.fra4umUITests;
				PRODUCT_NAME = "$(TARGET_NAME)";
				SWIFT_VERSION = 5.0;
				TARGETED_DEVICE_FAMILY = "1,2";
				TEST_TARGET_NAME = fra4um;
			};
			name = Release;
		};
/* End XCBuildConfiguration section */

/* Begin XCConfigurationList section */
		0BDBF73525927649008C7792 /* Build configuration list for PBXProject "fra4um" */ = {
			isa = XCConfigurationList;
			buildConfigurations = (
				0BDBF76225927653008C7792 /* Debug */,
				0BDBF76325927653008C7792 /* Release */,
			);
			defaultConfigurationIsVisible = 0;
			defaultConfigurationName = Release;
		};
		0BDBF76425927653008C7792 /* Build configuration list for PBXNativeTarget "fra4um" */ = {
			isa = XCConfigurationList;
			buildConfigurations = (
				0BDBF76525927653008C7792 /* Debug */,
				0BDBF76625927653008C7792 /* Release */,
			);
			defaultConfigurationIsVisible = 0;
			defaultConfigurationName = Release;
		};
		0BDBF76725927653008C7792 /* Build configuration list for PBXNativeTarget "fra4umTests" */ = {
			isa = XCConfigurationList;
			buildConfigurations = (
				0BDBF76825927653008C7792 /* Debug */,
				0BDBF76925927653008C7792 /* Release */,
			);
			defaultConfigurationIsVisible = 0;
			defaultConfigurationName = Release;
		};
		0BDBF76A25927653008C7792 /* Build configuration list for PBXNativeTarget "fra4umUITests" */ = {
			isa = XCConfigurationList;
			buildConfigurations = (
				0BDBF76B25927653008C7792 /* Debug */,
				0BDBF76C25927653008C7792 /* Release */,
			);
			defaultConfigurationIsVisible = 0;
			defaultConfigurationName = Release;
		};
/* End XCConfigurationList section */
	};
	rootObject = 0BDBF73225927649008C7792 /* Project object */;
}
